<Solution>
  <Folder Name="/files/">
    <File Path="common.props" />
  </Folder>
  <Folder Name="/src/">
    <Project Path="src\Secyud.EntityFrameworkCore.Bulker.SqlServer\Secyud.EntityFrameworkCore.Bulker.SqlServer.csproj" Type="Classic C#" />
    <Project Path="src\Secyud.EntityFrameworkCore.Bulker\Secyud.EntityFrameworkCore.Bulker.csproj" />
  </Folder>
</Solution>